
Microsoft Visual Studio Solution File, Format Version 9.00
# Visual C++ Express 2005
Project("{8BC9CEB8-8B4A-11D0-8D11-00A0C91BC942}") = "Multisample", "Multisample.vcproj", "{DBDDD08B-42D9-4972-AA85-24B7935DB33D}"
	ProjectSection(ProjectDependencies) = postProject
		{47C93F52-AB4E-4FF9-8D4F-B38CD60A183F} = {47C93F52-AB4E-4FF9-8D4F-B38CD60A183F}
	EndProjectSection
EndProject
Project("{8BC9CEB8-8B4A-11D0-8D11-00A0C91BC942}") = "esUtil", "..\..\Common\esUtil.vcproj", "{47C93F52-AB4E-4FF9-8D4F-B38CD60A183F}"
EndProject
Global
	GlobalSection(SolutionConfigurationPlatforms) = preSolution
		Debug|Win32 = Debug|Win32
		Release|Win32 = Release|Win32
	EndGlobalSection
	GlobalSection(ProjectConfigurationPlatforms) = postSolution
		{DBDDD08B-42D9-4972-AA85-24B7935DB33D}.Debug|Win32.ActiveCfg = Debug|Win32
		{DBDDD08B-42D9-4972-AA85-24B7935DB33D}.Debug|Win32.Build.0 = Debug|Win32
		{DBDDD08B-42D9-4972-AA85-24B7935DB33D}.Release|Win32.ActiveCfg = Release|Win32
		{DBDDD08B-42D9-4972-AA85-24B7935DB33D}.Release|Win32.Build.0 = Release|Win32
		{47C93F52-AB4E-4FF9-8D4F-B38CD60A183F}.Debug|Win32.ActiveCfg = Debug|Win32
		{47C93F52-AB4E-4FF9-8D4F-B38CD60A183F}.Debug|Win32.Build.0 = Debug|Win32
		{47C93F52-AB4E-4FF9-8D4F-B38CD60A183F}.Release|Win32.ActiveCfg = Release|Win32
		{47C93F52-AB4E-4FF9-8D4F-B38CD60A183F}.Release|Win32.Build.0 = Release|Win32
	EndGlobalSection
	GlobalSection(SolutionProperties) = preSolution
		HideSolutionNode = FALSE
	EndGlobalSection
EndGlobal
